// !$*UTF8*$!
{
	archiveVersion = 1;
	classes = {
	};
	objectVersion = 46;
	objects = {

/* Begin PBXBuildFile section */
		270A0100954646AA0EE546D5 /* Assets.xcassets in Resources */ = {isa = PBXBuildFile; fileRef = 270A0899ABABC1CB50BCF114 /* Assets.xcassets */; };
		270A035B512AF4AD5B224B27 /* Main.storyboard in Resources */ = {isa = PBXBuildFile; fileRef = 270A09FB05D7CCCE3FF61141 /* Main.storyboard */; };
		270A051B2D06E530F0A9F0F7 /* LaunchScreen.storyboard in Resources */ = {isa = PBXBuildFile; fileRef = 270A0484BFAC44BC2BF5842E /* LaunchScreen.storyboard */; };
		270A0707DD6C9A9E70D8BC50 /* IOSPlayerTests.swift in Sources */ = {isa = PBXBuildFile; fileRef = 270A0A497183EE95B3AD6CDB /* IOSPlayerTests.swift */; };
		270A0A26D87ADC7D91F1C71B /* ViewController.swift in Sources */ = {isa = PBXBuildFile; fileRef = 270A02B529EA49AAC0BFA6FB /* ViewController.swift */; };
		270A0A90225D064CFC100FDB /* SceneDelegate.swift in Sources */ = {isa = PBXBuildFile; fileRef = 270A0A797AC57605A0966008 /* SceneDelegate.swift */; };
		270A0E10896DC2E817763CCC /* IOSPlayerUITests.swift in Sources */ = {isa = PBXBuildFile; fileRef = 270A0BAEFB2E9507AA591A14 /* IOSPlayerUITests.swift */; };
		270A0FB97B11CAD7722FDF5D /* AppDelegate.swift in Sources */ = {isa = PBXBuildFile; fileRef = 270A0C5A8924CAA2FC787204 /* AppDelegate.swift */; };
/* End PBXBuildFile section */

/* Begin PBXContainerItemProxy section */
		270A0C8208DCC73EB7C1DED0 /* PBXContainerItemProxy */ = {
			isa = PBXContainerItemProxy;
			containerPortal = 270A04CF6EE5D84035491B22 /* Project object */;
			proxyType = 1;
			remoteGlobalIDString = 270A0878118BD5E71F697576;
			remoteInfo = IOSPlayer;
		};
		270A0FF691D16231599E0EE5 /* PBXContainerItemProxy */ = {
			isa = PBXContainerItemProxy;
			containerPortal = 270A04CF6EE5D84035491B22 /* Project object */;
			proxyType = 1;
			remoteGlobalIDString = 270A0878118BD5E71F697576;
			remoteInfo = IOSPlayer;
		};
/* End PBXContainerItemProxy section */

/* Begin PBXFileReference section */
		270A010A55FF7A96196AAED4 /* Info.plist */ = {isa = PBXFileReference; lastKnownFileType = text.plist.info; path = Info.plist; sourceTree = "<group>"; };
		270A02922F8F0C133484F3EF /* Base */ = {isa = PBXFileReference; lastKnownFileType = file.storyboard; name = Base; path = Base.lproj/LaunchScreen.storyboard; sourceTree = "<group>"; };
		270A02A95821FE822C057CEC /* IOSPlayerUITests.xctest */ = {isa = PBXFileReference; explicitFileType = wrapper.cfbundle; includeInIndex = 0; path = IOSPlayerUITests.xctest; sourceTree = BUILT_PRODUCTS_DIR; };
		270A02B529EA49AAC0BFA6FB /* ViewController.swift */ = {isa = PBXFileReference; lastKnownFileType = sourcecode.swift; path = ViewController.swift; sourceTree = "<group>"; };
		270A03124F9412E9AB4D8FB0 /* Info.plist */ = {isa = PBXFileReference; lastKnownFileType = text.plist.info; path = Info.plist; sourceTree = "<group>"; };
		270A07685101DF8169398EDD /* Base */ = {isa = PBXFileReference; lastKnownFileType = file.storyboard; name = Base; path = Base.lproj/Main.storyboard; sourceTree = "<group>"; };
		270A087FF05239AF0F1912C6 /* IOSPlayerTests.xctest */ = {isa = PBXFileReference; explicitFileType = wrapper.cfbundle; includeInIndex = 0; path = IOSPlayerTests.xctest; sourceTree = BUILT_PRODUCTS_DIR; };
		270A0899ABABC1CB50BCF114 /* Assets.xcassets */ = {isa = PBXFileReference; lastKnownFileType = folder.assetcatalog; path = Assets.xcassets; sourceTree = "<group>"; };
		270A0A497183EE95B3AD6CDB /* IOSPlayerTests.swift */ = {isa = PBXFileReference; lastKnownFileType = sourcecode.swift; path = IOSPlayerTests.swift; sourceTree = "<group>"; };
		270A0A797AC57605A0966008 /* SceneDelegate.swift */ = {isa = PBXFileReference; lastKnownFileType = sourcecode.swift; path = SceneDelegate.swift; sourceTree = "<group>"; };
		270A0BAEFB2E9507AA591A14 /* IOSPlayerUITests.swift */ = {isa = PBXFileReference; lastKnownFileType = sourcecode.swift; path = IOSPlayerUITests.swift; sourceTree = "<group>"; };
		270A0C5A8924CAA2FC787204 /* AppDelegate.swift */ = {isa = PBXFileReference; lastKnownFileType = sourcecode.swift; path = AppDelegate.swift; sourceTree = "<group>"; };
		270A0F3B84D91ABEF149357D /* IOSPlayer.app */ = {isa = PBXFileReference; explicitFileType = wrapper.application; includeInIndex = 0; path = IOSPlayer.app; sourceTree = BUILT_PRODUCTS_DIR; };
		270A0F7975B8BEBB4886BE1A /* Info.plist */ = {isa = PBXFileReference; lastKnownFileType = text.plist.info; path = Info.plist; sourceTree = "<group>"; };
/* End PBXFileReference section */

/* Begin PBXFrameworksBuildPhase section */
		270A02DC3D1C2597C17E6733 /* Frameworks */ = {
			isa = PBXFrameworksBuildPhase;
			buildActionMask = 2147483647;
			files = (
			);
			runOnlyForDeploymentPostprocessing = 0;
		};
		270A07B1D64A823AFAE83E62 /* Frameworks */ = {
			isa = PBXFrameworksBuildPhase;
			buildActionMask = 2147483647;
			files = (
			);
			runOnlyForDeploymentPostprocessing = 0;
		};
		270A0F27057899336892AD8B /* Frameworks */ = {
			isa = PBXFrameworksBuildPhase;
			buildActionMask = 2147483647;
			files = (
			);
			runOnlyForDeploymentPostprocessing = 0;
		};
/* End PBXFrameworksBuildPhase section */

/* Begin PBXGroup section */
		270A040BB81D93B48EDB5F5D /* Products */ = {
			isa = PBXGroup;
			children = (
				270A0F3B84D91ABEF149357D /* IOSPlayer.app */,
				270A087FF05239AF0F1912C6 /* IOSPlayerTests.xctest */,
				270A02A95821FE822C057CEC /* IOSPlayerUITests.xctest */,
			);
			name = Products;
			sourceTree = "<group>";
		};
		270A04E1173E18458555E347 /* IOSPlayerUITests */ = {
			isa = PBXGroup;
			children = (
				270A03124F9412E9AB4D8FB0 /* Info.plist */,
				270A0BAEFB2E9507AA591A14 /* IOSPlayerUITests.swift */,
			);
			path = IOSPlayerUITests;
			sourceTree = "<group>";
		};
		270A08D1DD46C6FBAE637F75 = {
			isa = PBXGroup;
			children = (
				270A040BB81D93B48EDB5F5D /* Products */,
				270A0EC4D76863467F1384FC /* IOSPlayer */,
				270A0DF3FF2ECF24C4D29DC0 /* IOSPlayerTests */,
				270A04E1173E18458555E347 /* IOSPlayerUITests */,
			);
			sourceTree = "<group>";
		};
		270A0DF3FF2ECF24C4D29DC0 /* IOSPlayerTests */ = {
			isa = PBXGroup;
			children = (
				270A010A55FF7A96196AAED4 /* Info.plist */,
				270A0A497183EE95B3AD6CDB /* IOSPlayerTests.swift */,
			);
			path = IOSPlayerTests;
			sourceTree = "<group>";
		};
		270A0EC4D76863467F1384FC /* IOSPlayer */ = {
			isa = PBXGroup;
			children = (
				270A0F7975B8BEBB4886BE1A /* Info.plist */,
				270A0899ABABC1CB50BCF114 /* Assets.xcassets */,
				270A0484BFAC44BC2BF5842E /* LaunchScreen.storyboard */,
				270A0C5A8924CAA2FC787204 /* AppDelegate.swift */,
				270A0A797AC57605A0966008 /* SceneDelegate.swift */,
				270A02B529EA49AAC0BFA6FB /* ViewController.swift */,
				270A09FB05D7CCCE3FF61141 /* Main.storyboard */,
			);
			path = IOSPlayer;
			sourceTree = "<group>";
		};
/* End PBXGroup section */

/* Begin PBXNativeTarget section */
		270A0878118BD5E71F697576 /* IOSPlayer */ = {
			isa = PBXNativeTarget;
			buildConfigurationList = 270A041F8FEDEE036F862ACC /* Build configuration list for PBXNativeTarget "IOSPlayer" */;
			buildPhases = (
				270A09A431B51AD77C778643 /* Sources */,
				270A07B1D64A823AFAE83E62 /* Frameworks */,
				270A068513B2D3564709C87C /* Resources */,
			);
			buildRules = (
			);
			dependencies = (
			);
			name = IOSPlayer;
			productName = IOSPlayer;
			productReference = 270A0F3B84D91ABEF149357D /* IOSPlayer.app */;
			productType = "com.apple.product-type.application";
		};
		270A0BC65A05B3CED590B04B /* IOSPlayerTests */ = {
			isa = PBXNativeTarget;
			buildConfigurationList = 270A0AAEED6A60AE53453EC0 /* Build configuration list for PBXNativeTarget "IOSPlayerTests" */;
			buildPhases = (
				270A00683101DEF7FD403F52 /* Sources */,
				270A0F27057899336892AD8B /* Frameworks */,
				270A0F06C6628AAC038F37A1 /* Resources */,
			);
			buildRules = (
			);
			dependencies = (
				270A0C6B55346E533FF28D58 /* PBXTargetDependency */,
			);
			name = IOSPlayerTests;
			productName = IOSPlayerTests;
			productReference = 270A087FF05239AF0F1912C6 /* IOSPlayerTests.xctest */;
			productType = "com.apple.product-type.bundle.unit-test";
		};
		270A0E80AA5B0C0149E0E9AC /* IOSPlayerUITests */ = {
			isa = PBXNativeTarget;
			buildConfigurationList = 270A0D96B4E17B49B84EEEFA /* Build configuration list for PBXNativeTarget "IOSPlayerUITests" */;
			buildPhases = (
				270A021C2F3C7A9CBAC9894D /* Sources */,
				270A02DC3D1C2597C17E6733 /* Frameworks */,
				270A0957820AF6B086A95BCB /* Resources */,
			);
			buildRules = (
			);
			dependencies = (
				270A02D4CE22DDFD363F115C /* PBXTargetDependency */,
			);
			name = IOSPlayerUITests;
			productName = IOSPlayerUITests;
			productReference = 270A02A95821FE822C057CEC /* IOSPlayerUITests.xctest */;
			productType = "com.apple.product-type.bundle.ui-testing";
		};
/* End PBXNativeTarget section */

/* Begin PBXProject section */
		270A04CF6EE5D84035491B22 /* Project object */ = {
			isa = PBXProject;
			attributes = {
				ORGANIZATIONNAME = "___FULLUSERNAME___";
			};
			buildConfigurationList = 270A01F87754F7C2A8717644 /* Build configuration list for PBXProject "IOSPlayer" */;
			compatibilityVersion = "Xcode 3.2";
			developmentRegion = English;
			hasScannedForEncodings = 0;
			knownRegions = (
				en,
			);
			mainGroup = 270A08D1DD46C6FBAE637F75;
			productRefGroup = 270A040BB81D93B48EDB5F5D /* Products */;
			projectDirPath = "";
			projectRoot = "";
			targets = (
				270A0878118BD5E71F697576 /* IOSPlayer */,
				270A0BC65A05B3CED590B04B /* IOSPlayerTests */,
				270A0E80AA5B0C0149E0E9AC /* IOSPlayerUITests */,
			);
		};
/* End PBXProject section */

/* Begin PBXResourcesBuildPhase section */
		270A068513B2D3564709C87C /* Resources */ = {
			isa = PBXResourcesBuildPhase;
			buildActionMask = 2147483647;
			files = (
				270A0100954646AA0EE546D5 /* Assets.xcassets in Resources */,
				270A051B2D06E530F0A9F0F7 /* LaunchScreen.storyboard in Resources */,
				270A035B512AF4AD5B224B27 /* Main.storyboard in Resources */,
			);
			runOnlyForDeploymentPostprocessing = 0;
		};
		270A0957820AF6B086A95BCB /* Resources */ = {
			isa = PBXResourcesBuildPhase;
			buildActionMask = 2147483647;
			files = (
			);
			runOnlyForDeploymentPostprocessing = 0;
		};
		270A0F06C6628AAC038F37A1 /* Resources */ = {
			isa = PBXResourcesBuildPhase;
			buildActionMask = 2147483647;
			files = (
			);
			runOnlyForDeploymentPostprocessing = 0;
		};
/* End PBXResourcesBuildPhase section */

/* Begin PBXSourcesBuildPhase section */
		270A00683101DEF7FD403F52 /* Sources */ = {
			isa = PBXSourcesBuildPhase;
			buildActionMask = 2147483647;
			files = (
				270A0707DD6C9A9E70D8BC50 /* IOSPlayerTests.swift in Sources */,
			);
			runOnlyForDeploymentPostprocessing = 0;
		};
		270A021C2F3C7A9CBAC9894D /* Sources */ = {
			isa = PBXSourcesBuildPhase;
			buildActionMask = 2147483647;
			files = (
				270A0E10896DC2E817763CCC /* IOSPlayerUITests.swift in Sources */,
			);
			runOnlyForDeploymentPostprocessing = 0;
		};
		270A09A431B51AD77C778643 /* Sources */ = {
			isa = PBXSourcesBuildPhase;
			buildActionMask = 2147483647;
			files = (
				270A0FB97B11CAD7722FDF5D /* AppDelegate.swift in Sources */,
				270A0A90225D064CFC100FDB /* SceneDelegate.swift in Sources */,
				270A0A26D87ADC7D91F1C71B /* ViewController.swift in Sources */,
			);
			runOnlyForDeploymentPostprocessing = 0;
		};
/* End PBXSourcesBuildPhase section */

/* Begin PBXTargetDependency section */
		270A02D4CE22DDFD363F115C /* PBXTargetDependency */ = {
			isa = PBXTargetDependency;
			target = 270A0878118BD5E71F697576 /* IOSPlayer */;
			targetProxy = 270A0C8208DCC73EB7C1DED0 /* PBXContainerItemProxy */;
		};
		270A0C6B55346E533FF28D58 /* PBXTargetDependency */ = {
			isa = PBXTargetDependency;
			target = 270A0878118BD5E71F697576 /* IOSPlayer */;
			targetProxy = 270A0FF691D16231599E0EE5 /* PBXContainerItemProxy */;
		};
/* End PBXTargetDependency section */

/* Begin PBXVariantGroup section */
		270A0484BFAC44BC2BF5842E /* LaunchScreen.storyboard */ = {
			isa = PBXVariantGroup;
			children = (
				270A02922F8F0C133484F3EF /* Base */,
			);
			name = LaunchScreen.storyboard;
			sourceTree = "<group>";
		};
		270A09FB05D7CCCE3FF61141 /* Main.storyboard */ = {
			isa = PBXVariantGroup;
			children = (
				270A07685101DF8169398EDD /* Base */,
			);
			name = Main.storyboard;
			sourceTree = "<group>";
		};
/* End PBXVariantGroup section */

/* Begin XCBuildConfiguration section */
		270A06EADB9471993A18FD1D /* Debug */ = {
			isa = XCBuildConfiguration;
			buildSettings = {
				ASSETCATALOG_COMPILER_APPICON_NAME = AppIcon;
				INFOPLIST_FILE = IOSPlayer/Info.plist;
				LD_RUNPATH_SEARCH_PATHS = "$(inherited) @executable_path/Frameworks";
				PRODUCT_BUNDLE_IDENTIFIER = ios.IOSPlayer;
				PRODUCT_NAME = "$(TARGET_NAME)";
				SWIFT_VERSION = 5.0;
				TARGETED_DEVICE_FAMILY = "1,2";
			};
			name = Debug;
		};
		270A075DA99A75D13F88E0B4 /* Debug */ = {
			isa = XCBuildConfiguration;
			buildSettings = {
				BUNDLE_LOADER = "$(BUILT_PRODUCTS_DIR)/IOSPlayer.app/IOSPlayer";
				INFOPLIST_FILE = IOSPlayerTests/Info.plist;
				LD_RUNPATH_SEARCH_PATHS = "$(inherited) @executable_path/Frameworks @loader_path/Frameworks";
				PRODUCT_BUNDLE_IDENTIFIER = ios.IOSPlayerTests;
				PRODUCT_NAME = "$(TARGET_NAME)";
				SWIFT_VERSION = 5.0;
				TARGETED_DEVICE_FAMILY = "1,2";
				TEST_HOST = "$(BUNDLE_LOADER)";
			};
			name = Debug;
		};
		270A07CC35C166615A9F0AE5 /* Release */ = {
			isa = XCBuildConfiguration;
			buildSettings = {
				BUNDLE_LOADER = "$(BUILT_PRODUCTS_DIR)/IOSPlayer.app/IOSPlayer";
				INFOPLIST_FILE = IOSPlayerTests/Info.plist;
				LD_RUNPATH_SEARCH_PATHS = "$(inherited) @executable_path/Frameworks @loader_path/Frameworks";
				PRODUCT_BUNDLE_IDENTIFIER = ios.IOSPlayerTests;
				PRODUCT_NAME = "$(TARGET_NAME)";
				SWIFT_VERSION = 5.0;
				TARGETED_DEVICE_FAMILY = "1,2";
				TEST_HOST = "$(BUNDLE_LOADER)";
			};
			name = Release;
		};
		270A09A8E5C205BAB4C35AD3 /* Debug */ = {
			isa = XCBuildConfiguration;
			buildSettings = {
				INFOPLIST_FILE = IOSPlayerUITests/Info.plist;
				LD_RUNPATH_SEARCH_PATHS = "$(inherited) @executable_path/Frameworks @loader_path/Frameworks";
				PRODUCT_BUNDLE_IDENTIFIER = ios.IOSPlayerUITests;
				PRODUCT_NAME = "$(TARGET_NAME)";
				SWIFT_VERSION = 5.0;
				TARGETED_DEVICE_FAMILY = "1,2";
				TEST_TARGET_NAME = IOSPlayer;
			};
			name = Debug;
		};
		270A0A2481DB97173B2BC0DF /* Debug */ = {
			isa = XCBuildConfiguration;
			buildSettings = {
				ALWAYS_SEARCH_USER_PATHS = NO;
				CLANG_ANALYZER_NONNULL = YES;
				CLANG_ANALYZER_NUMBER_OBJECT_CONVERSION = YES_AGGRESSIVE;
				CLANG_CXX_LANGUAGE_STANDARD = "gnu++14";
				CLANG_CXX_LIBRARY = "libc++";
				CLANG_ENABLE_MODULES = YES;
				CLANG_ENABLE_OBJC_ARC = YES;
				CLANG_ENABLE_OBJC_WEAK = YES;
				CLANG_WARN_BLOCK_CAPTURE_AUTORELEASING = YES;
				CLANG_WARN_BOOL_CONVERSION = YES;
				CLANG_WARN_COMMA = YES;
				CLANG_WARN_CONSTANT_CONVERSION = YES;
				CLANG_WARN_DEPRECATED_OBJC_IMPLEMENTATIONS = YES;
				CLANG_WARN_DIRECT_OBJC_ISA_USAGE = YES_ERROR;
				CLANG_WARN_DOCUMENTATION_COMMENTS = YES;
				CLANG_WARN_EMPTY_BODY = YES;
				CLANG_WARN_ENUM_CONVERSION = YES;
				CLANG_WARN_INFINITE_RECURSION = YES;
				CLANG_WARN_INT_CONVERSION = YES;
				CLANG_WARN_NON_LITERAL_NULL_CONVERSION = YES;
				CLANG_WARN_OBJC_IMPLICIT_RETAIN_SELF = YES;
				CLANG_WARN_OBJC_LITERAL_CONVERSION = YES;
				CLANG_WARN_OBJC_ROOT_CLASS = YES_ERROR;
				CLANG_WARN_RANGE_LOOP_ANALYSIS = YES;
				CLANG_WARN_STRICT_PROTOTYPES = YES;
				CLANG_WARN_SUSPICIOUS_MOVE = YES;
				CLANG_WARN_UNGUARDED_AVAILABILITY = YES_AGGRESSIVE;
				CLANG_WARN_UNREACHABLE_CODE = YES;
				CLANG_WARN__DUPLICATE_METHOD_MATCH = YES;
				COPY_PHASE_STRIP = NO;
				DEBUG_INFORMATION_FORMAT = dwarf;
				ENABLE_STRICT_OBJC_MSGSEND = YES;
				ENABLE_TESTABILITY = YES;
				GCC_C_LANGUAGE_STANDARD = gnu11;
				GCC_DYNAMIC_NO_PIC = NO;
				GCC_NO_COMMON_BLOCKS = YES;
				GCC_OPTIMIZATION_LEVEL = 0;
				GCC_PREPROCESSOR_DEFINITIONS = (
					"DEBUG=1",
					"$(inherited)",
				);
				GCC_WARN_64_TO_32_BIT_CONVERSION = YES;
				GCC_WARN_ABOUT_RETURN_TYPE = YES_ERROR;
				GCC_WARN_UNDECLARED_SELECTOR = YES;
				GCC_WARN_UNINITIALIZED_AUTOS = YES_AGGRESSIVE;
				GCC_WARN_UNUSED_FUNCTION = YES;
				GCC_WARN_UNUSED_VARIABLE = YES;
				IPHONEOS_DEPLOYMENT_TARGET = 13.2;
				MTL_ENABLE_DEBUG_INFO = INCLUDE_SOURCE;
				MTL_FAST_MATH = YES;
				ONLY_ACTIVE_ARCH = YES;
				SDKROOT = iphoneos;
				SWIFT_ACTIVE_COMPILATION_CONDITIONS = DEBUG;
				SWIFT_OPTIMIZATION_LEVEL = "-Onone";
			};
			name = Debug;
		};
		270A0A289C8F7FCAF05E1ED9 /* Release */ = {
			isa = XCBuildConfiguration;
			buildSettings = {
				ALWAYS_SEARCH_USER_PATHS = NO;
				CLANG_ANALYZER_NONNULL = YES;
				CLANG_ANALYZER_NUMBER_OBJECT_CONVERSION = YES_AGGRESSIVE;
				CLANG_CXX_LANGUAGE_STANDARD = "gnu++14";
				CLANG_CXX_LIBRARY = "libc++";
				CLANG_ENABLE_MODULES = YES;
				CLANG_ENABLE_OBJC_ARC = YES;
				CLANG_ENABLE_OBJC_WEAK = YES;
				CLANG_WARN_BLOCK_CAPTURE_AUTORELEASING = YES;
				CLANG_WARN_BOOL_CONVERSION = YES;
				CLANG_WARN_COMMA = YES;
				CLANG_WARN_CONSTANT_CONVERSION = YES;
				CLANG_WARN_DEPRECATED_OBJC_IMPLEMENTATIONS = YES;
				CLANG_WARN_DIRECT_OBJC_ISA_USAGE = YES_ERROR;
				CLANG_WARN_DOCUMENTATION_COMMENTS = YES;
				CLANG_WARN_EMPTY_BODY = YES;
				CLANG_WARN_ENUM_CONVERSION = YES;
				CLANG_WARN_INFINITE_RECURSION = YES;
				CLANG_WARN_INT_CONVERSION = YES;
				CLANG_WARN_NON_LITERAL_NULL_CONVERSION = YES;
				CLANG_WARN_OBJC_IMPLICIT_RETAIN_SELF = YES;
				CLANG_WARN_OBJC_LITERAL_CONVERSION = YES;
				CLANG_WARN_OBJC_ROOT_CLASS = YES_ERROR;
				CLANG_WARN_RANGE_LOOP_ANALYSIS = YES;
				CLANG_WARN_STRICT_PROTOTYPES = YES;
				CLANG_WARN_SUSPICIOUS_MOVE = YES;
				CLANG_WARN_UNGUARDED_AVAILABILITY = YES_AGGRESSIVE;
				CLANG_WARN_UNREACHABLE_CODE = YES;
				CLANG_WARN__DUPLICATE_METHOD_MATCH = YES;
				COPY_PHASE_STRIP = NO;
				DEBUG_INFORMATION_FORMAT = "dwarf-with-dsym";
				ENABLE_NS_ASSERTIONS = NO;
				ENABLE_STRICT_OBJC_MSGSEND = YES;
				GCC_C_LANGUAGE_STANDARD = gnu11;
				GCC_NO_COMMON_BLOCKS = YES;
				GCC_WARN_64_TO_32_BIT_CONVERSION = YES;
				GCC_WARN_ABOUT_RETURN_TYPE = YES_ERROR;
				GCC_WARN_UNDECLARED_SELECTOR = YES;
				GCC_WARN_UNINITIALIZED_AUTOS = YES_AGGRESSIVE;
				GCC_WARN_UNUSED_FUNCTION = YES;
				GCC_WARN_UNUSED_VARIABLE = YES;
				IPHONEOS_DEPLOYMENT_TARGET = 13.2;
				MTL_ENABLE_DEBUG_INFO = NO;
				MTL_FAST_MATH = YES;
				SDKROOT = iphoneos;
				SWIFT_COMPILATION_MODE = wholemodule;
				SWIFT_OPTIMIZATION_LEVEL = "-O";
				VALIDATE_PRODUCT = YES;
			};
			name = Release;
		};
		270A0B75C1202471C3AFE10A /* Release */ = {
			isa = XCBuildConfiguration;
			buildSettings = {
				ASSETCATALOG_COMPILER_APPICON_NAME = AppIcon;
				INFOPLIST_FILE = IOSPlayer/Info.plist;
				LD_RUNPATH_SEARCH_PATHS = "$(inherited) @executable_path/Frameworks";
				PRODUCT_BUNDLE_IDENTIFIER = ios.IOSPlayer;
				PRODUCT_NAME = "$(TARGET_NAME)";
				SWIFT_VERSION = 5.0;
				TARGETED_DEVICE_FAMILY = "1,2";
			};
			name = Release;
		};
		270A0C78EC04BAC25F0E3EDD /* Release */ = {
			isa = XCBuildConfiguration;
			buildSettings = {
				INFOPLIST_FILE = IOSPlayerUITests/Info.plist;
				LD_RUNPATH_SEARCH_PATHS = "$(inherited) @executable_path/Frameworks @loader_path/Frameworks";
				PRODUCT_BUNDLE_IDENTIFIER = ios.IOSPlayerUITests;
				PRODUCT_NAME = "$(TARGET_NAME)";
				SWIFT_VERSION = 5.0;
				TARGETED_DEVICE_FAMILY = "1,2";
				TEST_TARGET_NAME = IOSPlayer;
			};
			name = Release;
		};
/* End XCBuildConfiguration section */

/* Begin XCConfigurationList section */
		270A01F87754F7C2A8717644 /* Build configuration list for PBXProject "IOSPlayer" */ = {
			isa = XCConfigurationList;
			buildConfigurations = (
				270A0A2481DB97173B2BC0DF /* Debug */,
				270A0A289C8F7FCAF05E1ED9 /* Release */,
			);
			defaultConfigurationIsVisible = 0;
			defaultConfigurationName = Release;
		};
		270A041F8FEDEE036F862ACC /* Build configuration list for PBXNativeTarget "IOSPlayer" */ = {
			isa = XCConfigurationList;
			buildConfigurations = (
				270A06EADB9471993A18FD1D /* Debug */,
				270A0B75C1202471C3AFE10A /* Release */,
			);
			defaultConfigurationIsVisible = 0;
		};
		270A0AAEED6A60AE53453EC0 /* Build configuration list for PBXNativeTarget "IOSPlayerTests" */ = {
			isa = XCConfigurationList;
			buildConfigurations = (
				270A075DA99A75D13F88E0B4 /* Debug */,
				270A07CC35C166615A9F0AE5 /* Release */,
			);
			defaultConfigurationIsVisible = 0;
		};
		270A0D96B4E17B49B84EEEFA /* Build configuration list for PBXNativeTarget "IOSPlayerUITests" */ = {
			isa = XCConfigurationList;
			buildConfigurations = (
				270A09A8E5C205BAB4C35AD3 /* Debug */,
				270A0C78EC04BAC25F0E3EDD /* Release */,
			);
			defaultConfigurationIsVisible = 0;
		};
/* End XCConfigurationList section */
	};
	rootObject = 270A04CF6EE5D84035491B22 /* Project object */;
}
